
Microsoft Visual Studio Solution File, Format Version 12.00
# Visual Studio Version 17
VisualStudioVersion = 17.10.35122.118
MinimumVisualStudioVersion = 10.0.40219.1
Project("{2150E333-8FDC-42A3-9474-1A3956D46DE8}") = "Backend", "Backend", "{FB453D0B-6B9C-426A-960D-90CCECCE7C37}"
EndProject
Project("{2150E333-8FDC-42A3-9474-1A3956D46DE8}") = "Frontend", "Frontend", "{4A149936-2E22-4F2C-8A54-71E599A37047}"
EndProject
Project("{9A19103F-16F7-4668-BE54-9A1E7A4F7556}") = "DAL", "DAL\DAL.csproj", "{A6C0764E-AF26-4F86-B851-8054FB8DACC0}"
EndProject
Project("{9A19103F-16F7-4668-BE54-9A1E7A4F7556}") = "BLL", "BLL\BLL.csproj", "{5E69D321-4FEF-4693-8831-17F85C09B78A}"
EndProject
Project("{9A19103F-16F7-4668-BE54-9A1E7A4F7556}") = "API", "API\API.csproj", "{283B1553-715E-4053-BE51-690205FB3280}"
EndProject
Project("{9A19103F-16F7-4668-BE54-9A1E7A4F7556}") = "DAL.Tests", "DAL.Tests\DAL.Tests.csproj", "{418D9329-CA7C-4409-AD80-E412E43D4200}"
EndProject
Project("{FAE04EC0-301F-11D3-BF4B-00C04F79EFBC}") = "BlazorFront", "BlazorFront\BlazorFront.csproj", "{0EFA5393-40D9-406A-95EC-3678552C2771}"
EndProject
Global
	GlobalSection(SolutionConfigurationPlatforms) = preSolution
		Debug|Any CPU = Debug|Any CPU
		Release|Any CPU = Release|Any CPU
	EndGlobalSection
	GlobalSection(ProjectConfigurationPlatforms) = postSolution
		{A6C0764E-AF26-4F86-B851-8054FB8DACC0}.Debug|Any CPU.ActiveCfg = Debug|Any CPU
		{A6C0764E-AF26-4F86-B851-8054FB8DACC0}.Debug|Any CPU.Build.0 = Debug|Any CPU
		{A6C0764E-AF26-4F86-B851-8054FB8DACC0}.Release|Any CPU.ActiveCfg = Release|Any CPU
		{A6C0764E-AF26-4F86-B851-8054FB8DACC0}.Release|Any CPU.Build.0 = Release|Any CPU
		{5E69D321-4FEF-4693-8831-17F85C09B78A}.Debug|Any CPU.ActiveCfg = Debug|Any CPU
		{5E69D321-4FEF-4693-8831-17F85C09B78A}.Debug|Any CPU.Build.0 = Debug|Any CPU
		{5E69D321-4FEF-4693-8831-17F85C09B78A}.Release|Any CPU.ActiveCfg = Release|Any CPU
		{5E69D321-4FEF-4693-8831-17F85C09B78A}.Release|Any CPU.Build.0 = Release|Any CPU
		{283B1553-715E-4053-BE51-690205FB3280}.Debug|Any CPU.ActiveCfg = Debug|Any CPU
		{283B1553-715E-4053-BE51-690205FB3280}.Debug|Any CPU.Build.0 = Debug|Any CPU
		{283B1553-715E-4053-BE51-690205FB3280}.Release|Any CPU.ActiveCfg = Release|Any CPU
		{283B1553-715E-4053-BE51-690205FB3280}.Release|Any CPU.Build.0 = Release|Any CPU
		{418D9329-CA7C-4409-AD80-E412E43D4200}.Debug|Any CPU.ActiveCfg = Debug|Any CPU
		{418D9329-CA7C-4409-AD80-E412E43D4200}.Debug|Any CPU.Build.0 = Debug|Any CPU
		{418D9329-CA7C-4409-AD80-E412E43D4200}.Release|Any CPU.ActiveCfg = Release|Any CPU
		{418D9329-CA7C-4409-AD80-E412E43D4200}.Release|Any CPU.Build.0 = Release|Any CPU
		{0EFA5393-40D9-406A-95EC-3678552C2771}.Debug|Any CPU.ActiveCfg = Debug|Any CPU
		{0EFA5393-40D9-406A-95EC-3678552C2771}.Debug|Any CPU.Build.0 = Debug|Any CPU
		{0EFA5393-40D9-406A-95EC-3678552C2771}.Release|Any CPU.ActiveCfg = Release|Any CPU
		{0EFA5393-40D9-406A-95EC-3678552C2771}.Release|Any CPU.Build.0 = Release|Any CPU
	EndGlobalSection
	GlobalSection(SolutionProperties) = preSolution
		HideSolutionNode = FALSE
	EndGlobalSection
	GlobalSection(NestedProjects) = preSolution
		{A6C0764E-AF26-4F86-B851-8054FB8DACC0} = {FB453D0B-6B9C-426A-960D-90CCECCE7C37}
		{5E69D321-4FEF-4693-8831-17F85C09B78A} = {FB453D0B-6B9C-426A-960D-90CCECCE7C37}
		{283B1553-715E-4053-BE51-690205FB3280} = {FB453D0B-6B9C-426A-960D-90CCECCE7C37}
		{418D9329-CA7C-4409-AD80-E412E43D4200} = {FB453D0B-6B9C-426A-960D-90CCECCE7C37}
		{0EFA5393-40D9-406A-95EC-3678552C2771} = {4A149936-2E22-4F2C-8A54-71E599A37047}
	EndGlobalSection
EndGlobal
