
Microsoft Visual Studio Solution File, Format Version 12.00
Project("{2150E333-8FDC-42A3-9474-1A3956D46DE8}") = "Backend", "Backend", "{FB453D0B-6B9C-426A-960D-90CCECCE7C37}"
EndProject
Project("{2150E333-8FDC-42A3-9474-1A3956D46DE8}") = "Frontend", "Frontend", "{4A149936-2E22-4F2C-8A54-71E599A37047}"
EndProject
Project("{FAE04EC0-301F-11D3-BF4B-00C04F79EFBC}") = "DAL", "DAL\DAL.csproj", "{A6C0764E-AF26-4F86-B851-8054FB8DACC0}"
EndProject
Global
	GlobalSection(SolutionConfigurationPlatforms) = preSolution
		Debug|Any CPU = Debug|Any CPU
		Release|Any CPU = Release|Any CPU
	EndGlobalSection
	GlobalSection(NestedProjects) = preSolution
		{A6C0764E-AF26-4F86-B851-8054FB8DACC0} = {FB453D0B-6B9C-426A-960D-90CCECCE7C37}
	EndGlobalSection
	GlobalSection(ProjectConfigurationPlatforms) = postSolution
		{A6C0764E-AF26-4F86-B851-8054FB8DACC0}.Debug|Any CPU.ActiveCfg = Debug|Any CPU
		{A6C0764E-AF26-4F86-B851-8054FB8DACC0}.Debug|Any CPU.Build.0 = Debug|Any CPU
		{A6C0764E-AF26-4F86-B851-8054FB8DACC0}.Release|Any CPU.ActiveCfg = Release|Any CPU
		{A6C0764E-AF26-4F86-B851-8054FB8DACC0}.Release|Any CPU.Build.0 = Release|Any CPU
	EndGlobalSection
EndGlobal
